# THIS IS AN AUTOGENERATED FILE. DO NOT EDIT THIS FILE DIRECTLY.
# yarn lockfile v1


"@types/ramda@^0.26.9":
  version "0.26.9"
  resolved "https://registry.yarnpkg.com/@types/ramda/-/ramda-0.26.9.tgz#f0bbba59c04de9d29aaa1d1c0daedefc7244bb68"

autobind-decorator@^2.4.0:
  version "2.4.0"
  resolved "https://registry.yarnpkg.com/autobind-decorator/-/autobind-decorator-2.4.0.tgz#ea9e1c98708cf3b5b356f7cf9f10f265ff18239c"

ramda@^0.26.1:
  version "0.26.1"
  resolved "https://registry.yarnpkg.com/ramda/-/ramda-0.26.1.tgz#8d41351eb8111c55353617fc3bbffad8e4d35d06"

typescript@^3.5.1:
  version "3.5.1"
  resolved "https://registry.yarnpkg.com/typescript/-/typescript-3.5.1.tgz#ba72a6a600b2158139c5dd8850f700e231464202"
